
Microsoft Visual Studio Solution File, Format Version 12.00
# Visual Studio Version 16
VisualStudioVersion = 16.0.30907.101
MinimumVisualStudioVersion = 10.0.40219.1
Project("{FAE04EC0-301F-11D3-BF4B-00C04F79EFBC}") = "ExerciccioDeFixacao01", "ExerciccioDeFixacao01\ExerciccioDeFixacao01.csproj", "{01278C4D-319A-4821-B037-BDAB15660552}"
EndProject
Global
	GlobalSection(SolutionConfigurationPlatforms) = preSolution
		Debug|Any CPU = Debug|Any CPU
		Release|Any CPU = Release|Any CPU
	EndGlobalSection
	GlobalSection(ProjectConfigurationPlatforms) = postSolution
		{01278C4D-319A-4821-B037-BDAB15660552}.Debug|Any CPU.ActiveCfg = Debug|Any CPU
		{01278C4D-319A-4821-B037-BDAB15660552}.Debug|Any CPU.Build.0 = Debug|Any CPU
		{01278C4D-319A-4821-B037-BDAB15660552}.Release|Any CPU.ActiveCfg = Release|Any CPU
		{01278C4D-319A-4821-B037-BDAB15660552}.Release|Any CPU.Build.0 = Release|Any CPU
	EndGlobalSection
	GlobalSection(SolutionProperties) = preSolution
		HideSolutionNode = FALSE
	EndGlobalSection
	GlobalSection(ExtensibilityGlobals) = postSolution
		SolutionGuid = {DF1DDBF9-D183-45FF-B9C2-21D981286E04}
	EndGlobalSection
EndGlobal
